
Microsoft Visual Studio Solution File, Format Version 12.00
# Visual Studio Version 16
VisualStudioVersion = 16.0.31424.327
MinimumVisualStudioVersion = 10.0.40219.1
Project("{FAE04EC0-301F-11D3-BF4B-00C04F79EFBC}") = "csharptest", "csharptest\csharptest.csproj", "{B7D7AB73-BB78-4EFD-9EC8-6F5E27249DAB}"
EndProject
Global
	GlobalSection(SolutionConfigurationPlatforms) = preSolution
		Debug|Any CPU = Debug|Any CPU
		Release|Any CPU = Release|Any CPU
	EndGlobalSection
	GlobalSection(ProjectConfigurationPlatforms) = postSolution
		{B7D7AB73-BB78-4EFD-9EC8-6F5E27249DAB}.Debug|Any CPU.ActiveCfg = Debug|Any CPU
		{B7D7AB73-BB78-4EFD-9EC8-6F5E27249DAB}.Debug|Any CPU.Build.0 = Debug|Any CPU
		{B7D7AB73-BB78-4EFD-9EC8-6F5E27249DAB}.Release|Any CPU.ActiveCfg = Release|Any CPU
		{B7D7AB73-BB78-4EFD-9EC8-6F5E27249DAB}.Release|Any CPU.Build.0 = Release|Any CPU
	EndGlobalSection
	GlobalSection(SolutionProperties) = preSolution
		HideSolutionNode = FALSE
	EndGlobalSection
	GlobalSection(ExtensibilityGlobals) = postSolution
		SolutionGuid = {8369592A-7B1F-4356-905C-9A7B24054C34}
	EndGlobalSection
EndGlobal
